// !$*UTF8*$!
{
	archiveVersion = 1;
	classes = {
	};
	objectVersion = 51;
	objects = {

/* Begin PBXBuildFile section */
		46856E562491D6B500605467 /* AppDelegate.swift in Sources */ = {isa = PBXBuildFile; fileRef = 46856E552491D6B500605467 /* AppDelegate.swift */; };
		46856E582491D6B500605467 /* SceneDelegate.swift in Sources */ = {isa = PBXBuildFile; fileRef = 46856E572491D6B500605467 /* SceneDelegate.swift */; };
		46856E5A2491D6B500605467 /* ViewController.swift in Sources */ = {isa = PBXBuildFile; fileRef = 46856E592491D6B500605467 /* ViewController.swift */; };
		46856E5D2491D6B500605467 /* Main.storyboard in Resources */ = {isa = PBXBuildFile; fileRef = 46856E5B2491D6B500605467 /* Main.storyboard */; };
		46856E5F2491D6B700605467 /* Assets.xcassets in Resources */ = {isa = PBXBuildFile; fileRef = 46856E5E2491D6B700605467 /* Assets.xcassets */; };
		46856E622491D6B700605467 /* LaunchScreen.storyboard in Resources */ = {isa = PBXBuildFile; fileRef = 46856E602491D6B700605467 /* LaunchScreen.storyboard */; };
		46856E6D2491D6B800605467 /* SwiftCoroutinesTests.swift in Sources */ = {isa = PBXBuildFile; fileRef = 46856E6C2491D6B800605467 /* SwiftCoroutinesTests.swift */; };
		46856E782491DC2200605467 /* RxSwiftWrappers.swift in Sources */ = {isa = PBXBuildFile; fileRef = 46856E772491DC2200605467 /* RxSwiftWrappers.swift */; };
		A5D48D5F00DE4E711823AF5E /* Pods_SwiftCoroutines.framework in Frameworks */ = {isa = PBXBuildFile; fileRef = AD160C4743E68AB5A65CEE65 /* Pods_SwiftCoroutines.framework */; };
		D05CFA3A125E4A77892D3BB2 /* Pods_SwiftCoroutinesTests.framework in Frameworks */ = {isa = PBXBuildFile; fileRef = 25BCFC12851E9EC9C0FE3443 /* Pods_SwiftCoroutinesTests.framework */; };
/* End PBXBuildFile section */

/* Begin PBXContainerItemProxy section */
		46856E692491D6B800605467 /* PBXContainerItemProxy */ = {
			isa = PBXContainerItemProxy;
			containerPortal = 46856E4A2491D6B500605467 /* Project object */;
			proxyType = 1;
			remoteGlobalIDString = 46856E512491D6B500605467;
			remoteInfo = SwiftCoroutines;
		};
/* End PBXContainerItemProxy section */

/* Begin PBXFileReference section */
		183615E339339DAD7AD9FB4D /* Pods-SwiftCoroutinesTests.release.xcconfig */ = {isa = PBXFileReference; includeInIndex = 1; lastKnownFileType = text.xcconfig; name = "Pods-SwiftCoroutinesTests.release.xcconfig"; path = "Target Support Files/Pods-SwiftCoroutinesTests/Pods-SwiftCoroutinesTests.release.xcconfig"; sourceTree = "<group>"; };
		25BCFC12851E9EC9C0FE3443 /* Pods_SwiftCoroutinesTests.framework */ = {isa = PBXFileReference; explicitFileType = wrapper.framework; includeInIndex = 0; path = Pods_SwiftCoroutinesTests.framework; sourceTree = BUILT_PRODUCTS_DIR; };
		46856E522491D6B500605467 /* SwiftCoroutines.app */ = {isa = PBXFileReference; explicitFileType = wrapper.application; includeInIndex = 0; path = SwiftCoroutines.app; sourceTree = BUILT_PRODUCTS_DIR; };
		46856E552491D6B500605467 /* AppDelegate.swift */ = {isa = PBXFileReference; lastKnownFileType = sourcecode.swift; path = AppDelegate.swift; sourceTree = "<group>"; };
		46856E572491D6B500605467 /* SceneDelegate.swift */ = {isa = PBXFileReference; lastKnownFileType = sourcecode.swift; path = SceneDelegate.swift; sourceTree = "<group>"; };
		46856E592491D6B500605467 /* ViewController.swift */ = {isa = PBXFileReference; lastKnownFileType = sourcecode.swift; path = ViewController.swift; sourceTree = "<group>"; };
		46856E5C2491D6B500605467 /* Base */ = {isa = PBXFileReference; lastKnownFileType = file.storyboard; name = Base; path = Base.lproj/Main.storyboard; sourceTree = "<group>"; };
		46856E5E2491D6B700605467 /* Assets.xcassets */ = {isa = PBXFileReference; lastKnownFileType = folder.assetcatalog; path = Assets.xcassets; sourceTree = "<group>"; };
		46856E612491D6B700605467 /* Base */ = {isa = PBXFileReference; lastKnownFileType = file.storyboard; name = Base; path = Base.lproj/LaunchScreen.storyboard; sourceTree = "<group>"; };
		46856E632491D6B700605467 /* Info.plist */ = {isa = PBXFileReference; lastKnownFileType = text.plist.xml; path = Info.plist; sourceTree = "<group>"; };
		46856E682491D6B800605467 /* SwiftCoroutinesTests.xctest */ = {isa = PBXFileReference; explicitFileType = wrapper.cfbundle; includeInIndex = 0; path = SwiftCoroutinesTests.xctest; sourceTree = BUILT_PRODUCTS_DIR; };
		46856E6C2491D6B800605467 /* SwiftCoroutinesTests.swift */ = {isa = PBXFileReference; lastKnownFileType = sourcecode.swift; path = SwiftCoroutinesTests.swift; sourceTree = "<group>"; };
		46856E6E2491D6B800605467 /* Info.plist */ = {isa = PBXFileReference; lastKnownFileType = text.plist.xml; path = Info.plist; sourceTree = "<group>"; };
		46856E772491DC2200605467 /* RxSwiftWrappers.swift */ = {isa = PBXFileReference; lastKnownFileType = sourcecode.swift; path = RxSwiftWrappers.swift; sourceTree = "<group>"; };
		AD160C4743E68AB5A65CEE65 /* Pods_SwiftCoroutines.framework */ = {isa = PBXFileReference; explicitFileType = wrapper.framework; includeInIndex = 0; path = Pods_SwiftCoroutines.framework; sourceTree = BUILT_PRODUCTS_DIR; };
		E0B56FE63DF54E16453D7535 /* Pods-SwiftCoroutines.release.xcconfig */ = {isa = PBXFileReference; includeInIndex = 1; lastKnownFileType = text.xcconfig; name = "Pods-SwiftCoroutines.release.xcconfig"; path = "Target Support Files/Pods-SwiftCoroutines/Pods-SwiftCoroutines.release.xcconfig"; sourceTree = "<group>"; };
		E8A9A40AD32F6BE5307821F3 /* Pods-SwiftCoroutines.debug.xcconfig */ = {isa = PBXFileReference; includeInIndex = 1; lastKnownFileType = text.xcconfig; name = "Pods-SwiftCoroutines.debug.xcconfig"; path = "Target Support Files/Pods-SwiftCoroutines/Pods-SwiftCoroutines.debug.xcconfig"; sourceTree = "<group>"; };
		ED5F7F45422D363781784ED5 /* Pods-SwiftCoroutinesTests.debug.xcconfig */ = {isa = PBXFileReference; includeInIndex = 1; lastKnownFileType = text.xcconfig; name = "Pods-SwiftCoroutinesTests.debug.xcconfig"; path = "Target Support Files/Pods-SwiftCoroutinesTests/Pods-SwiftCoroutinesTests.debug.xcconfig"; sourceTree = "<group>"; };
/* End PBXFileReference section */

/* Begin PBXFrameworksBuildPhase section */
		46856E4F2491D6B500605467 /* Frameworks */ = {
			isa = PBXFrameworksBuildPhase;
			buildActionMask = 2147483647;
			files = (
				A5D48D5F00DE4E711823AF5E /* Pods_SwiftCoroutines.framework in Frameworks */,
			);
			runOnlyForDeploymentPostprocessing = 0;
		};
		46856E652491D6B800605467 /* Frameworks */ = {
			isa = PBXFrameworksBuildPhase;
			buildActionMask = 2147483647;
			files = (
				D05CFA3A125E4A77892D3BB2 /* Pods_SwiftCoroutinesTests.framework in Frameworks */,
			);
			runOnlyForDeploymentPostprocessing = 0;
		};
/* End PBXFrameworksBuildPhase section */

/* Begin PBXGroup section */
		319F30197860FFEE1C622F87 /* Pods */ = {
			isa = PBXGroup;
			children = (
				E8A9A40AD32F6BE5307821F3 /* Pods-SwiftCoroutines.debug.xcconfig */,
				E0B56FE63DF54E16453D7535 /* Pods-SwiftCoroutines.release.xcconfig */,
				ED5F7F45422D363781784ED5 /* Pods-SwiftCoroutinesTests.debug.xcconfig */,
				183615E339339DAD7AD9FB4D /* Pods-SwiftCoroutinesTests.release.xcconfig */,
			);
			path = Pods;
			sourceTree = "<group>";
		};
		43C5337C854E4FE3DF00346B /* Frameworks */ = {
			isa = PBXGroup;
			children = (
				AD160C4743E68AB5A65CEE65 /* Pods_SwiftCoroutines.framework */,
				25BCFC12851E9EC9C0FE3443 /* Pods_SwiftCoroutinesTests.framework */,
			);
			name = Frameworks;
			sourceTree = "<group>";
		};
		46856E492491D6B500605467 = {
			isa = PBXGroup;
			children = (
				46856E542491D6B500605467 /* SwiftCoroutines */,
				46856E6B2491D6B800605467 /* SwiftCoroutinesTests */,
				46856E532491D6B500605467 /* Products */,
				319F30197860FFEE1C622F87 /* Pods */,
				43C5337C854E4FE3DF00346B /* Frameworks */,
			);
			sourceTree = "<group>";
		};
		46856E532491D6B500605467 /* Products */ = {
			isa = PBXGroup;
			children = (
				46856E522491D6B500605467 /* SwiftCoroutines.app */,
				46856E682491D6B800605467 /* SwiftCoroutinesTests.xctest */,
			);
			name = Products;
			sourceTree = "<group>";
		};
		46856E542491D6B500605467 /* SwiftCoroutines */ = {
			isa = PBXGroup;
			children = (
				46856E552491D6B500605467 /* AppDelegate.swift */,
				46856E572491D6B500605467 /* SceneDelegate.swift */,
				46856E592491D6B500605467 /* ViewController.swift */,
				46856E5B2491D6B500605467 /* Main.storyboard */,
				46856E5E2491D6B700605467 /* Assets.xcassets */,
				46856E602491D6B700605467 /* LaunchScreen.storyboard */,
				46856E632491D6B700605467 /* Info.plist */,
				46856E772491DC2200605467 /* RxSwiftWrappers.swift */,
			);
			path = SwiftCoroutines;
			sourceTree = "<group>";
		};
		46856E6B2491D6B800605467 /* SwiftCoroutinesTests */ = {
			isa = PBXGroup;
			children = (
				46856E6C2491D6B800605467 /* SwiftCoroutinesTests.swift */,
				46856E6E2491D6B800605467 /* Info.plist */,
			);
			path = SwiftCoroutinesTests;
			sourceTree = "<group>";
		};
/* End PBXGroup section */

/* Begin PBXNativeTarget section */
		46856E512491D6B500605467 /* SwiftCoroutines */ = {
			isa = PBXNativeTarget;
			buildConfigurationList = 46856E712491D6B800605467 /* Build configuration list for PBXNativeTarget "SwiftCoroutines" */;
			buildPhases = (
				0D0DF5BF9F0CEAE56D4A7D94 /* [CP] Check Pods Manifest.lock */,
				46856E4E2491D6B500605467 /* Sources */,
				46856E4F2491D6B500605467 /* Frameworks */,
				46856E502491D6B500605467 /* Resources */,
				AF9B66952CFC06DECD16228C /* [CP] Embed Pods Frameworks */,
			);
			buildRules = (
			);
			dependencies = (
			);
			name = SwiftCoroutines;
			productName = SwiftCoroutines;
			productReference = 46856E522491D6B500605467 /* SwiftCoroutines.app */;
			productType = "com.apple.product-type.application";
		};
		46856E672491D6B800605467 /* SwiftCoroutinesTests */ = {
			isa = PBXNativeTarget;
			buildConfigurationList = 46856E742491D6B800605467 /* Build configuration list for PBXNativeTarget "SwiftCoroutinesTests" */;
			buildPhases = (
				5B945B2F89A0FA4039A9F528 /* [CP] Check Pods Manifest.lock */,
				46856E642491D6B800605467 /* Sources */,
				46856E652491D6B800605467 /* Frameworks */,
				46856E662491D6B800605467 /* Resources */,
				B8948B772B3EE168B453FA0C /* [CP] Embed Pods Frameworks */,
			);
			buildRules = (
			);
			dependencies = (
				46856E6A2491D6B800605467 /* PBXTargetDependency */,
			);
			name = SwiftCoroutinesTests;
			productName = SwiftCoroutinesTests;
			productReference = 46856E682491D6B800605467 /* SwiftCoroutinesTests.xctest */;
			productType = "com.apple.product-type.bundle.unit-test";
		};
/* End PBXNativeTarget section */

/* Begin PBXProject section */
		46856E4A2491D6B500605467 /* Project object */ = {
			isa = PBXProject;
			attributes = {
				LastSwiftUpdateCheck = 1150;
				LastUpgradeCheck = 1150;
				ORGANIZATIONNAME = Touchlab;
				TargetAttributes = {
					46856E512491D6B500605467 = {
						CreatedOnToolsVersion = 11.5;
					};
					46856E672491D6B800605467 = {
						CreatedOnToolsVersion = 11.5;
						TestTargetID = 46856E512491D6B500605467;
					};
				};
			};
			buildConfigurationList = 46856E4D2491D6B500605467 /* Build configuration list for PBXProject "SwiftCoroutines" */;
			compatibilityVersion = "Xcode 9.3";
			developmentRegion = en;
			hasScannedForEncodings = 0;
			knownRegions = (
				en,
				Base,
			);
			mainGroup = 46856E492491D6B500605467;
			productRefGroup = 46856E532491D6B500605467 /* Products */;
			projectDirPath = "";
			projectRoot = "";
			targets = (
				46856E512491D6B500605467 /* SwiftCoroutines */,
				46856E672491D6B800605467 /* SwiftCoroutinesTests */,
			);
		};
/* End PBXProject section */

/* Begin PBXResourcesBuildPhase section */
		46856E502491D6B500605467 /* Resources */ = {
			isa = PBXResourcesBuildPhase;
			buildActionMask = 2147483647;
			files = (
				46856E622491D6B700605467 /* LaunchScreen.storyboard in Resources */,
				46856E5F2491D6B700605467 /* Assets.xcassets in Resources */,
				46856E5D2491D6B500605467 /* Main.storyboard in Resources */,
			);
			runOnlyForDeploymentPostprocessing = 0;
		};
		46856E662491D6B800605467 /* Resources */ = {
			isa = PBXResourcesBuildPhase;
			buildActionMask = 2147483647;
			files = (
			);
			runOnlyForDeploymentPostprocessing = 0;
		};
/* End PBXResourcesBuildPhase section */

/* Begin PBXShellScriptBuildPhase section */
		0D0DF5BF9F0CEAE56D4A7D94 /* [CP] Check Pods Manifest.lock */ = {
			isa = PBXShellScriptBuildPhase;
			buildActionMask = 2147483647;
			files = (
			);
			inputFileListPaths = (
			);
			inputPaths = (
				"${PODS_PODFILE_DIR_PATH}/Podfile.lock",
				"${PODS_ROOT}/Manifest.lock",
			);
			name = "[CP] Check Pods Manifest.lock";
			outputFileListPaths = (
			);
			outputPaths = (
				"$(DERIVED_FILE_DIR)/Pods-SwiftCoroutines-checkManifestLockResult.txt",
			);
			runOnlyForDeploymentPostprocessing = 0;
			shellPath = /bin/sh;
			shellScript = "diff \"${PODS_PODFILE_DIR_PATH}/Podfile.lock\" \"${PODS_ROOT}/Manifest.lock\" > /dev/null\nif [ $? != 0 ] ; then\n    # print error to STDERR\n    echo \"error: The sandbox is not in sync with the Podfile.lock. Run 'pod install' or update your CocoaPods installation.\" >&2\n    exit 1\nfi\n# This output is used by Xcode 'outputs' to avoid re-running this script phase.\necho \"SUCCESS\" > \"${SCRIPT_OUTPUT_FILE_0}\"\n";
			showEnvVarsInLog = 0;
		};
		5B945B2F89A0FA4039A9F528 /* [CP] Check Pods Manifest.lock */ = {
			isa = PBXShellScriptBuildPhase;
			buildActionMask = 2147483647;
			files = (
			);
			inputFileListPaths = (
			);
			inputPaths = (
				"${PODS_PODFILE_DIR_PATH}/Podfile.lock",
				"${PODS_ROOT}/Manifest.lock",
			);
			name = "[CP] Check Pods Manifest.lock";
			outputFileListPaths = (
			);
			outputPaths = (
				"$(DERIVED_FILE_DIR)/Pods-SwiftCoroutinesTests-checkManifestLockResult.txt",
			);
			runOnlyForDeploymentPostprocessing = 0;
			shellPath = /bin/sh;
			shellScript = "diff \"${PODS_PODFILE_DIR_PATH}/Podfile.lock\" \"${PODS_ROOT}/Manifest.lock\" > /dev/null\nif [ $? != 0 ] ; then\n    # print error to STDERR\n    echo \"error: The sandbox is not in sync with the Podfile.lock. Run 'pod install' or update your CocoaPods installation.\" >&2\n    exit 1\nfi\n# This output is used by Xcode 'outputs' to avoid re-running this script phase.\necho \"SUCCESS\" > \"${SCRIPT_OUTPUT_FILE_0}\"\n";
			showEnvVarsInLog = 0;
		};
		AF9B66952CFC06DECD16228C /* [CP] Embed Pods Frameworks */ = {
			isa = PBXShellScriptBuildPhase;
			buildActionMask = 2147483647;
			files = (
			);
			inputFileListPaths = (
				"${PODS_ROOT}/Target Support Files/Pods-SwiftCoroutines/Pods-SwiftCoroutines-frameworks-${CONFIGURATION}-input-files.xcfilelist",
			);
			name = "[CP] Embed Pods Frameworks";
			outputFileListPaths = (
				"${PODS_ROOT}/Target Support Files/Pods-SwiftCoroutines/Pods-SwiftCoroutines-frameworks-${CONFIGURATION}-output-files.xcfilelist",
			);
			runOnlyForDeploymentPostprocessing = 0;
			shellPath = /bin/sh;
			shellScript = "\"${PODS_ROOT}/Target Support Files/Pods-SwiftCoroutines/Pods-SwiftCoroutines-frameworks.sh\"\n";
			showEnvVarsInLog = 0;
		};
		B8948B772B3EE168B453FA0C /* [CP] Embed Pods Frameworks */ = {
			isa = PBXShellScriptBuildPhase;
			buildActionMask = 2147483647;
			files = (
			);
			inputFileListPaths = (
				"${PODS_ROOT}/Target Support Files/Pods-SwiftCoroutinesTests/Pods-SwiftCoroutinesTests-frameworks-${CONFIGURATION}-input-files.xcfilelist",
			);
			name = "[CP] Embed Pods Frameworks";
			outputFileListPaths = (
				"${PODS_ROOT}/Target Support Files/Pods-SwiftCoroutinesTests/Pods-SwiftCoroutinesTests-frameworks-${CONFIGURATION}-output-files.xcfilelist",
			);
			runOnlyForDeploymentPostprocessing = 0;
			shellPath = /bin/sh;
			shellScript = "\"${PODS_ROOT}/Target Support Files/Pods-SwiftCoroutinesTests/Pods-SwiftCoroutinesTests-frameworks.sh\"\n";
			showEnvVarsInLog = 0;
		};
/* End PBXShellScriptBuildPhase section */

/* Begin PBXSourcesBuildPhase section */
		46856E4E2491D6B500605467 /* Sources */ = {
			isa = PBXSourcesBuildPhase;
			buildActionMask = 2147483647;
			files = (
				46856E5A2491D6B500605467 /* ViewController.swift in Sources */,
				46856E562491D6B500605467 /* AppDelegate.swift in Sources */,
				46856E582491D6B500605467 /* SceneDelegate.swift in Sources */,
				46856E782491DC2200605467 /* RxSwiftWrappers.swift in Sources */,
			);
			runOnlyForDeploymentPostprocessing = 0;
		};
		46856E642491D6B800605467 /* Sources */ = {
			isa = PBXSourcesBuildPhase;
			buildActionMask = 2147483647;
			files = (
				46856E6D2491D6B800605467 /* SwiftCoroutinesTests.swift in Sources */,
			);
			runOnlyForDeploymentPostprocessing = 0;
		};
/* End PBXSourcesBuildPhase section */

/* Begin PBXTargetDependency section */
		46856E6A2491D6B800605467 /* PBXTargetDependency */ = {
			isa = PBXTargetDependency;
			target = 46856E512491D6B500605467 /* SwiftCoroutines */;
			targetProxy = 46856E692491D6B800605467 /* PBXContainerItemProxy */;
		};
/* End PBXTargetDependency section */

/* Begin PBXVariantGroup section */
		46856E5B2491D6B500605467 /* Main.storyboard */ = {
			isa = PBXVariantGroup;
			children = (
				46856E5C2491D6B500605467 /* Base */,
			);
			name = Main.storyboard;
			sourceTree = "<group>";
		};
		46856E602491D6B700605467 /* LaunchScreen.storyboard */ = {
			isa = PBXVariantGroup;
			children = (
				46856E612491D6B700605467 /* Base */,
			);
			name = LaunchScreen.storyboard;
			sourceTree = "<group>";
		};
/* End PBXVariantGroup section */

/* Begin XCBuildConfiguration section */
		46856E6F2491D6B800605467 /* Debug */ = {
			isa = XCBuildConfiguration;
			buildSettings = {
				ALWAYS_SEARCH_USER_PATHS = NO;
				CLANG_ANALYZER_NONNULL = YES;
				CLANG_ANALYZER_NUMBER_OBJECT_CONVERSION = YES_AGGRESSIVE;
				CLANG_CXX_LANGUAGE_STANDARD = "gnu++14";
				CLANG_CXX_LIBRARY = "libc++";
				CLANG_ENABLE_MODULES = YES;
				CLANG_ENABLE_OBJC_ARC = YES;
				CLANG_ENABLE_OBJC_WEAK = YES;
				CLANG_WARN_BLOCK_CAPTURE_AUTORELEASING = YES;
				CLANG_WARN_BOOL_CONVERSION = YES;
				CLANG_WARN_COMMA = YES;
				CLANG_WARN_CONSTANT_CONVERSION = YES;
				CLANG_WARN_DEPRECATED_OBJC_IMPLEMENTATIONS = YES;
				CLANG_WARN_DIRECT_OBJC_ISA_USAGE = YES_ERROR;
				CLANG_WARN_DOCUMENTATION_COMMENTS = YES;
				CLANG_WARN_EMPTY_BODY = YES;
				CLANG_WARN_ENUM_CONVERSION = YES;
				CLANG_WARN_INFINITE_RECURSION = YES;
				CLANG_WARN_INT_CONVERSION = YES;
				CLANG_WARN_NON_LITERAL_NULL_CONVERSION = YES;
				CLANG_WARN_OBJC_IMPLICIT_RETAIN_SELF = YES;
				CLANG_WARN_OBJC_LITERAL_CONVERSION = YES;
				CLANG_WARN_OBJC_ROOT_CLASS = YES_ERROR;
				CLANG_WARN_RANGE_LOOP_ANALYSIS = YES;
				CLANG_WARN_STRICT_PROTOTYPES = YES;
				CLANG_WARN_SUSPICIOUS_MOVE = YES;
				CLANG_WARN_UNGUARDED_AVAILABILITY = YES_AGGRESSIVE;
				CLANG_WARN_UNREACHABLE_CODE = YES;
				CLANG_WARN__DUPLICATE_METHOD_MATCH = YES;
				COPY_PHASE_STRIP = NO;
				DEBUG_INFORMATION_FORMAT = dwarf;
				ENABLE_STRICT_OBJC_MSGSEND = YES;
				ENABLE_TESTABILITY = YES;
				GCC_C_LANGUAGE_STANDARD = gnu11;
				GCC_DYNAMIC_NO_PIC = NO;
				GCC_NO_COMMON_BLOCKS = YES;
				GCC_OPTIMIZATION_LEVEL = 0;
				GCC_PREPROCESSOR_DEFINITIONS = (
					"DEBUG=1",
					"$(inherited)",
				);
				GCC_WARN_64_TO_32_BIT_CONVERSION = YES;
				GCC_WARN_ABOUT_RETURN_TYPE = YES_ERROR;
				GCC_WARN_UNDECLARED_SELECTOR = YES;
				GCC_WARN_UNINITIALIZED_AUTOS = YES_AGGRESSIVE;
				GCC_WARN_UNUSED_FUNCTION = YES;
				GCC_WARN_UNUSED_VARIABLE = YES;
				IPHONEOS_DEPLOYMENT_TARGET = 13.5;
				MTL_ENABLE_DEBUG_INFO = INCLUDE_SOURCE;
				MTL_FAST_MATH = YES;
				ONLY_ACTIVE_ARCH = YES;
				SDKROOT = iphoneos;
				SWIFT_ACTIVE_COMPILATION_CONDITIONS = DEBUG;
				SWIFT_OPTIMIZATION_LEVEL = "-Onone";
			};
			name = Debug;
		};
		46856E702491D6B800605467 /* Release */ = {
			isa = XCBuildConfiguration;
			buildSettings = {
				ALWAYS_SEARCH_USER_PATHS = NO;
				CLANG_ANALYZER_NONNULL = YES;
				CLANG_ANALYZER_NUMBER_OBJECT_CONVERSION = YES_AGGRESSIVE;
				CLANG_CXX_LANGUAGE_STANDARD = "gnu++14";
				CLANG_CXX_LIBRARY = "libc++";
				CLANG_ENABLE_MODULES = YES;
				CLANG_ENABLE_OBJC_ARC = YES;
				CLANG_ENABLE_OBJC_WEAK = YES;
				CLANG_WARN_BLOCK_CAPTURE_AUTORELEASING = YES;
				CLANG_WARN_BOOL_CONVERSION = YES;
				CLANG_WARN_COMMA = YES;
				CLANG_WARN_CONSTANT_CONVERSION = YES;
				CLANG_WARN_DEPRECATED_OBJC_IMPLEMENTATIONS = YES;
				CLANG_WARN_DIRECT_OBJC_ISA_USAGE = YES_ERROR;
				CLANG_WARN_DOCUMENTATION_COMMENTS = YES;
				CLANG_WARN_EMPTY_BODY = YES;
				CLANG_WARN_ENUM_CONVERSION = YES;
				CLANG_WARN_INFINITE_RECURSION = YES;
				CLANG_WARN_INT_CONVERSION = YES;
				CLANG_WARN_NON_LITERAL_NULL_CONVERSION = YES;
				CLANG_WARN_OBJC_IMPLICIT_RETAIN_SELF = YES;
				CLANG_WARN_OBJC_LITERAL_CONVERSION = YES;
				CLANG_WARN_OBJC_ROOT_CLASS = YES_ERROR;
				CLANG_WARN_RANGE_LOOP_ANALYSIS = YES;
				CLANG_WARN_STRICT_PROTOTYPES = YES;
				CLANG_WARN_SUSPICIOUS_MOVE = YES;
				CLANG_WARN_UNGUARDED_AVAILABILITY = YES_AGGRESSIVE;
				CLANG_WARN_UNREACHABLE_CODE = YES;
				CLANG_WARN__DUPLICATE_METHOD_MATCH = YES;
				COPY_PHASE_STRIP = NO;
				DEBUG_INFORMATION_FORMAT = "dwarf-with-dsym";
				ENABLE_NS_ASSERTIONS = NO;
				ENABLE_STRICT_OBJC_MSGSEND = YES;
				GCC_C_LANGUAGE_STANDARD = gnu11;
				GCC_NO_COMMON_BLOCKS = YES;
				GCC_WARN_64_TO_32_BIT_CONVERSION = YES;
				GCC_WARN_ABOUT_RETURN_TYPE = YES_ERROR;
				GCC_WARN_UNDECLARED_SELECTOR = YES;
				GCC_WARN_UNINITIALIZED_AUTOS = YES_AGGRESSIVE;
				GCC_WARN_UNUSED_FUNCTION = YES;
				GCC_WARN_UNUSED_VARIABLE = YES;
				IPHONEOS_DEPLOYMENT_TARGET = 13.5;
				MTL_ENABLE_DEBUG_INFO = NO;
				MTL_FAST_MATH = YES;
				SDKROOT = iphoneos;
				SWIFT_COMPILATION_MODE = wholemodule;
				SWIFT_OPTIMIZATION_LEVEL = "-O";
				VALIDATE_PRODUCT = YES;
			};
			name = Release;
		};
		46856E722491D6B800605467 /* Debug */ = {
			isa = XCBuildConfiguration;
			baseConfigurationReference = E8A9A40AD32F6BE5307821F3 /* Pods-SwiftCoroutines.debug.xcconfig */;
			buildSettings = {
				ASSETCATALOG_COMPILER_APPICON_NAME = AppIcon;
				CODE_SIGN_STYLE = Automatic;
				DEVELOPMENT_TEAM = "";
				INFOPLIST_FILE = SwiftCoroutines/Info.plist;
				LD_RUNPATH_SEARCH_PATHS = (
					"$(inherited)",
					"@executable_path/Frameworks",
				);
				PRODUCT_BUNDLE_IDENTIFIER = co.touchlab.SwiftCoroutines;
				PRODUCT_NAME = "$(TARGET_NAME)";
				SWIFT_VERSION = 5.0;
				TARGETED_DEVICE_FAMILY = "1,2";
			};
			name = Debug;
		};
		46856E732491D6B800605467 /* Release */ = {
			isa = XCBuildConfiguration;
			baseConfigurationReference = E0B56FE63DF54E16453D7535 /* Pods-SwiftCoroutines.release.xcconfig */;
			buildSettings = {
				ASSETCATALOG_COMPILER_APPICON_NAME = AppIcon;
				CODE_SIGN_STYLE = Automatic;
				DEVELOPMENT_TEAM = "";
				INFOPLIST_FILE = SwiftCoroutines/Info.plist;
				LD_RUNPATH_SEARCH_PATHS = (
					"$(inherited)",
					"@executable_path/Frameworks",
				);
				PRODUCT_BUNDLE_IDENTIFIER = co.touchlab.SwiftCoroutines;
				PRODUCT_NAME = "$(TARGET_NAME)";
				SWIFT_VERSION = 5.0;
				TARGETED_DEVICE_FAMILY = "1,2";
			};
			name = Release;
		};
		46856E752491D6B800605467 /* Debug */ = {
			isa = XCBuildConfiguration;
			baseConfigurationReference = ED5F7F45422D363781784ED5 /* Pods-SwiftCoroutinesTests.debug.xcconfig */;
			buildSettings = {
				ALWAYS_EMBED_SWIFT_STANDARD_LIBRARIES = YES;
				BUNDLE_LOADER = "$(TEST_HOST)";
				CODE_SIGN_STYLE = Automatic;
				INFOPLIST_FILE = SwiftCoroutinesTests/Info.plist;
				IPHONEOS_DEPLOYMENT_TARGET = 13.5;
				LD_RUNPATH_SEARCH_PATHS = (
					"$(inherited)",
					"@executable_path/Frameworks",
					"@loader_path/Frameworks",
				);
				PRODUCT_BUNDLE_IDENTIFIER = co.touchlab.SwiftCoroutinesTests;
				PRODUCT_NAME = "$(TARGET_NAME)";
				SWIFT_VERSION = 5.0;
				TARGETED_DEVICE_FAMILY = "1,2";
				TEST_HOST = "$(BUILT_PRODUCTS_DIR)/SwiftCoroutines.app/SwiftCoroutines";
			};
			name = Debug;
		};
		46856E762491D6B800605467 /* Release */ = {
			isa = XCBuildConfiguration;
			baseConfigurationReference = 183615E339339DAD7AD9FB4D /* Pods-SwiftCoroutinesTests.release.xcconfig */;
			buildSettings = {
				ALWAYS_EMBED_SWIFT_STANDARD_LIBRARIES = YES;
				BUNDLE_LOADER = "$(TEST_HOST)";
				CODE_SIGN_STYLE = Automatic;
				INFOPLIST_FILE = SwiftCoroutinesTests/Info.plist;
				IPHONEOS_DEPLOYMENT_TARGET = 13.5;
				LD_RUNPATH_SEARCH_PATHS = (
					"$(inherited)",
					"@executable_path/Frameworks",
					"@loader_path/Frameworks",
				);
				PRODUCT_BUNDLE_IDENTIFIER = co.touchlab.SwiftCoroutinesTests;
				PRODUCT_NAME = "$(TARGET_NAME)";
				SWIFT_VERSION = 5.0;
				TARGETED_DEVICE_FAMILY = "1,2";
				TEST_HOST = "$(BUILT_PRODUCTS_DIR)/SwiftCoroutines.app/SwiftCoroutines";
			};
			name = Release;
		};
/* End XCBuildConfiguration section */

/* Begin XCConfigurationList section */
		46856E4D2491D6B500605467 /* Build configuration list for PBXProject "SwiftCoroutines" */ = {
			isa = XCConfigurationList;
			buildConfigurations = (
				46856E6F2491D6B800605467 /* Debug */,
				46856E702491D6B800605467 /* Release */,
			);
			defaultConfigurationIsVisible = 0;
			defaultConfigurationName = Release;
		};
		46856E712491D6B800605467 /* Build configuration list for PBXNativeTarget "SwiftCoroutines" */ = {
			isa = XCConfigurationList;
			buildConfigurations = (
				46856E722491D6B800605467 /* Debug */,
				46856E732491D6B800605467 /* Release */,
			);
			defaultConfigurationIsVisible = 0;
			defaultConfigurationName = Release;
		};
		46856E742491D6B800605467 /* Build configuration list for PBXNativeTarget "SwiftCoroutinesTests" */ = {
			isa = XCConfigurationList;
			buildConfigurations = (
				46856E752491D6B800605467 /* Debug */,
				46856E762491D6B800605467 /* Release */,
			);
			defaultConfigurationIsVisible = 0;
			defaultConfigurationName = Release;
		};
/* End XCConfigurationList section */
	};
	rootObject = 46856E4A2491D6B500605467 /* Project object */;
}
