PODS:
  - RxBlocking (5.1.0):
    - RxSwift (~> 5)
  - RxCocoa (5.1.0):
    - RxRelay (~> 5)
    - RxSwift (~> 5)
  - RxRelay (5.1.0):
    - RxSwift (~> 5)
  - RxSwift (5.1.0)
  - RxTest (5.1.0):
    - RxSwift (~> 5)
  - shared (0.0.1)

DEPENDENCIES:
  - RxBlocking (~> 5)
  - RxCocoa (~> 5)
  - RxSwift (~> 5)
  - RxTest (~> 5)
  - shared (from `../shared/`)

SPEC REPOS:
  trunk:
    - RxBlocking
    - RxCocoa
    - RxRelay
    - RxSwift
    - RxTest

EXTERNAL SOURCES:
  shared:
    :path: "../shared/"

SPEC CHECKSUMS:
  RxBlocking: 5ef131267220f92ef68531dd6afeaf407cd6b41a
  RxCocoa: 13d2a4d7546a34b8ececae8c281e4ea1dbb94f2b
  RxRelay: a168bd6caf712d00c676ac344e9295afc93b418e
  RxSwift: ad5874f24bb0dbffd1e9bb8443604e3578796c7a
  RxTest: d5e1c9c1880de2751041fa485d476ce006967b31
  shared: 4621daf238b32107a05e70e900899232ffeeddab

PODFILE CHECKSUM: 802d6660d6456ad17fb2fe4cbc51fa9154b4774e

COCOAPODS: 1.9.3
